{
  "requires": true,
  "lockfileVersion": 1,
  "dependencies": {
    "create-next-app": {
      "version": "11.1.2",
      "resolved": "https://registry.npmjs.org/create-next-app/-/create-next-app-11.1.2.tgz",
      "integrity": "sha512-xn+y/DSy+th47W/PK5GjdCC7xNBhc7Qka9iKSI1UgDMltMCSDyRdVHsoul89tuRWCTBGrJ6w+k45ZZGapYxoJQ=="
    }
  }
}
